
Microsoft Visual Studio Solution File, Format Version 12.00
# Visual Studio Version 16
VisualStudioVersion = 16.0.30523.141
MinimumVisualStudioVersion = 10.0.40219.1
Project("{FAE04EC0-301F-11D3-BF4B-00C04F79EFBC}") = "WebApplication", "WebApplication\WebApplication.csproj", "{40BC915C-F9A4-4085-8340-4340B789034C}"
EndProject
Global
	GlobalSection(SolutionConfigurationPlatforms) = preSolution
		Debug|Any CPU = Debug|Any CPU
		Release|Any CPU = Release|Any CPU
	EndGlobalSection
	GlobalSection(ProjectConfigurationPlatforms) = postSolution
		{40BC915C-F9A4-4085-8340-4340B789034C}.Debug|Any CPU.ActiveCfg = Debug|Any CPU
		{40BC915C-F9A4-4085-8340-4340B789034C}.Debug|Any CPU.Build.0 = Debug|Any CPU
		{40BC915C-F9A4-4085-8340-4340B789034C}.Release|Any CPU.ActiveCfg = Release|Any CPU
		{40BC915C-F9A4-4085-8340-4340B789034C}.Release|Any CPU.Build.0 = Release|Any CPU
	EndGlobalSection
	GlobalSection(SolutionProperties) = preSolution
		HideSolutionNode = FALSE
	EndGlobalSection
	GlobalSection(ExtensibilityGlobals) = postSolution
		SolutionGuid = {4445F30A-BC4B-4445-8F07-A9EA5CDE7781}
	EndGlobalSection
EndGlobal
